[[package]]
name = "numpy"
version = "1.23.1"
requires_python = ">=3.8"
summary = "NumPy is the fundamental package for array computing with Python."

[metadata]
lock_version = "4.0"
content_hash = "sha256:7c7e5474bda1c4375aedbd5fd44b4887262d97ca69a164939c0e32e1d00fec61"

[metadata.files]
"numpy 1.23.1" = [
    {url = "https://files.pythonhosted.org/packages/13/b1/0c22aa7ca1deda4915cdec9562f839546bb252eecf6ad596eaec0592bd35/numpy-1.23.1.tar.gz", hash = "sha256:d748ef349bfef2e1194b59da37ed5a29c19ea8d7e6342019921ba2ba4fd8b624"},
    {url = "https://files.pythonhosted.org/packages/2c/38/fe2d87da2116eb48e54c8e2e3f168f38bb0c4b71462443588453173cbddd/numpy-1.23.1-cp38-cp38-manylinux_2_17_aarch64.manylinux2014_aarch64.whl", hash = "sha256:68b69f52e6545af010b76516f5daaef6173e73353e3295c5cb9f96c35d755641"},
    {url = "https://files.pythonhosted.org/packages/40/2d/fcb9e41c553adb1a214eca5e2bfc7f87e5a752c7add86da19ddc1cf434b5/numpy-1.23.1-cp39-cp39-win32.whl", hash = "sha256:c2f91f88230042a130ceb1b496932aa717dcbd665350beb821534c5c7e15881c"},
    {url = "https://files.pythonhosted.org/packages/43/30/e75dd35e2679ce92b0f6a1d865f75784789764c47910d4c6b537d66327ba/numpy-1.23.1-pp38-pypy38_pp73-manylinux_2_17_x86_64.manylinux2014_x86_64.whl", hash = "sha256:5d732d17b8a9061540a10fda5bfeabca5785700ab5469a5e9b93aca5e2d3a5fb"},
    {url = "https://files.pythonhosted.org/packages/48/4e/cf5f1629b30476e25b22abbecc6c4b0d3959d14db0ee18683164113e8989/numpy-1.23.1-pp38-pypy38_pp73-win_amd64.whl", hash = "sha256:55df0f7483b822855af67e38fb3a526e787adf189383b4934305565d71c4b148"},
    {url = "https://files.pythonhosted.org/packages/52/7c/716ab0f3b92b44a3e55d2e51cf66a8a8d403548d2ca82961129fa2c775fe/numpy-1.23.1-cp39-cp39-macosx_11_0_arm64.whl", hash = "sha256:876f60de09734fbcb4e27a97c9a286b51284df1326b1ac5f1bf0ad3678236b22"},
    {url = "https://files.pythonhosted.org/packages/56/26/053e57520b5c8746ad7227c217b7f6967a90fcb6640eab691d5ec285c9a9/numpy-1.23.1-pp38-pypy38_pp73-macosx_10_9_x86_64.whl", hash = "sha256:8002574a6b46ac3b5739a003b5233376aeac5163e5dcd43dd7ad062f3e186129"},
    {url = "https://files.pythonhosted.org/packages/61/e6/cba9f64659405fd2236926d934d5f9a83f0e654b3838c5bcd3f400547e2c/numpy-1.23.1-cp38-cp38-win32.whl", hash = "sha256:47f10ab202fe4d8495ff484b5561c65dd59177949ca07975663f4494f7269e3e"},
    {url = "https://files.pythonhosted.org/packages/71/08/bc1e4fb7392aa0721f299c444e8c99fa97c8cb41fe33791eca8e26364639/numpy-1.23.1-cp38-cp38-macosx_10_9_x86_64.whl", hash = "sha256:aeba539285dcf0a1ba755945865ec61240ede5432df41d6e29fab305f4384db2"},
    {url = "https://files.pythonhosted.org/packages/86/c9/9f9d6812fa8a031a568c2c1c49f207a0a4030ead438644c887410fc49c8a/numpy-1.23.1-cp38-cp38-manylinux_2_17_x86_64.manylinux2014_x86_64.whl", hash = "sha256:1408c3527a74a0209c781ac82bde2182b0f0bf54dea6e6a363fe0cc4488a7ce7"},
    {url = "https://files.pythonhosted.org/packages/88/cc/92815174c345015a326e3fff8beddcb951b3ef0f7c8296fcc22c622add7c/numpy-1.23.1-cp310-cp310-manylinux_2_17_x86_64.manylinux2014_x86_64.whl", hash = "sha256:3119daed207e9410eaf57dcf9591fdc68045f60483d94956bee0bfdcba790953"},
    {url = "https://files.pythonhosted.org/packages/8b/11/75a93826457f94a4c857a38ea3f178915f27ff38ffee1753e36994be7810/numpy-1.23.1-cp310-cp310-win_amd64.whl", hash = "sha256:1865fdf51446839ca3fffaab172461f2b781163f6f395f1aed256b1ddc253622"},
    {url = "https://files.pythonhosted.org/packages/8c/e2/be5ea562620811ba9277da559d9662d02d22c63d4228cdf01d65f0342c5f/numpy-1.23.1-cp310-cp310-macosx_11_0_arm64.whl", hash = "sha256:9ce242162015b7e88092dccd0e854548c0926b75c7924a3495e02c6067aba1f5"},
    {url = "https://files.pythonhosted.org/packages/8d/d6/cc2330e512936a904a4db1629b71d697fb309115f6d2ede94d183cdfe185/numpy-1.23.1-cp39-cp39-manylinux_2_17_x86_64.manylinux2014_x86_64.whl", hash = "sha256:a35c4e64dfca659fe4d0f1421fc0f05b8ed1ca8c46fb73d9e5a7f175f85696bb"},
    {url = "https://files.pythonhosted.org/packages/93/76/9e53d1e5b94e67df8fc86554cac49fd9ead0bf163383776c153c34670a19/numpy-1.23.1-cp39-cp39-manylinux_2_17_aarch64.manylinux2014_aarch64.whl", hash = "sha256:35590b9c33c0f1c9732b3231bb6a72d1e4f77872390c47d50a615686ae7ed3fd"},
    {url = "https://files.pythonhosted.org/packages/97/87/4cab42d344f9ca65225d895ee30e0c349a0d0460317cdfa657523a553bdb/numpy-1.23.1-cp38-cp38-macosx_11_0_arm64.whl", hash = "sha256:7e8229f3687cdadba2c4faef39204feb51ef7c1a9b669247d49a24f3e2e1617c"},
    {url = "https://files.pythonhosted.org/packages/b9/4b/b805d1afe9de9d31444ff79300042d52aeeb3efa9fff7fffc299bd349469/numpy-1.23.1-cp310-cp310-win32.whl", hash = "sha256:3ab67966c8d45d55a2bdf40701536af6443763907086c0a6d1232688e27e5447"},
    {url = "https://files.pythonhosted.org/packages/bd/dd/0610fb49c433fe5987ae312fe672119080fd77be484b5698d6fa7554148b/numpy-1.23.1-cp39-cp39-win_amd64.whl", hash = "sha256:37ece2bd095e9781a7156852e43d18044fd0d742934833335599c583618181b9"},
    {url = "https://files.pythonhosted.org/packages/c0/c2/8d58f3ccd1aa3b1eaa5c333a6748e225b45cf8748b13f052cbb3c811c996/numpy-1.23.1-cp310-cp310-macosx_10_9_x86_64.whl", hash = "sha256:b15c3f1ed08df4980e02cc79ee058b788a3d0bef2fb3c9ca90bb8cbd5b8a3a04"},
    {url = "https://files.pythonhosted.org/packages/d0/19/6e81ed6fe30271ebcf25e5e2a0bdf1fa06ddee03a8cb82625503826970db/numpy-1.23.1-cp38-cp38-win_amd64.whl", hash = "sha256:37e5ebebb0eb54c5b4a9b04e6f3018e16b8ef257d26c8945925ba8105008e645"},
    {url = "https://files.pythonhosted.org/packages/e5/43/b1b80cbcea9f2d0e6adadd27a8da2c71b751d5670a846b444087fab408a1/numpy-1.23.1-cp39-cp39-macosx_10_9_x86_64.whl", hash = "sha256:173f28921b15d341afadf6c3898a34f20a0569e4ad5435297ba262ee8941e77b"},
    {url = "https://files.pythonhosted.org/packages/f3/a8/7122ace9f2c373194ab2c9e227d626c90a4331e31352528976c976563a0c/numpy-1.23.1-cp310-cp310-manylinux_2_17_aarch64.manylinux2014_aarch64.whl", hash = "sha256:e0d7447679ae9a7124385ccf0ea990bb85bb869cef217e2ea6c844b6a6855073"},
]
